
Microsoft Visual Studio Solution File, Format Version 12.00
# Visual Studio 15
VisualStudioVersion = 15.0.27130.2010
MinimumVisualStudioVersion = 10.0.40219.1
Project("{FAE04EC0-301F-11D3-BF4B-00C04F79EFBC}") = "RD_SolidPatterns", "RD_SolidPatterns\RD_SolidPatterns.csproj", "{BF6F8ABA-1DCC-484C-A040-56D090097E4C}"
EndProject
Global
	GlobalSection(SolutionConfigurationPlatforms) = preSolution
		Debug|Any CPU = Debug|Any CPU
		Release|Any CPU = Release|Any CPU
	EndGlobalSection
	GlobalSection(ProjectConfigurationPlatforms) = postSolution
		{BF6F8ABA-1DCC-484C-A040-56D090097E4C}.Debug|Any CPU.ActiveCfg = Debug|Any CPU
		{BF6F8ABA-1DCC-484C-A040-56D090097E4C}.Debug|Any CPU.Build.0 = Debug|Any CPU
		{BF6F8ABA-1DCC-484C-A040-56D090097E4C}.Release|Any CPU.ActiveCfg = Release|Any CPU
		{BF6F8ABA-1DCC-484C-A040-56D090097E4C}.Release|Any CPU.Build.0 = Release|Any CPU
	EndGlobalSection
	GlobalSection(SolutionProperties) = preSolution
		HideSolutionNode = FALSE
	EndGlobalSection
	GlobalSection(ExtensibilityGlobals) = postSolution
		SolutionGuid = {34390D1C-3AF3-49AA-A48C-5373AE62757C}
	EndGlobalSection
EndGlobal
